// !$*UTF8*$!
{
	archiveVersion = 1;
	classes = {
	};
	objectVersion = 51;
	objects = {

/* Begin PBXBuildFile section */
		A30C87B00DA5646441B36F2A /* Pods_Organizer.framework in Frameworks */ = {isa = PBXBuildFile; fileRef = 5F37062D6E1375B794D2C171 /* Pods_Organizer.framework */; };
		FA223F432576DAC6001E4FA8 /* MainViewController.swift in Sources */ = {isa = PBXBuildFile; fileRef = FA223F422576DAC6001E4FA8 /* MainViewController.swift */; };
		FA2E6EA02576DF9800B92007 /* WeatherManager.swift in Sources */ = {isa = PBXBuildFile; fileRef = FA2E6E9F2576DF9800B92007 /* WeatherManager.swift */; };
		FA2E6EA32576DFC600B92007 /* WeatherData.swift in Sources */ = {isa = PBXBuildFile; fileRef = FA2E6EA22576DFC600B92007 /* WeatherData.swift */; };
		FA2E6EA62576DFDF00B92007 /* WeatherModel.swift in Sources */ = {isa = PBXBuildFile; fileRef = FA2E6EA52576DFDF00B92007 /* WeatherModel.swift */; };
		FA2E6EAE2576E0CD00B92007 /* WeatherViewController.swift in Sources */ = {isa = PBXBuildFile; fileRef = FA2E6EAD2576E0CD00B92007 /* WeatherViewController.swift */; };
		FA57EDF92573BAF100D2F9E3 /* AppDelegate.swift in Sources */ = {isa = PBXBuildFile; fileRef = FA57EDF82573BAF100D2F9E3 /* AppDelegate.swift */; };
		FA57EDFD2573BAF100D2F9E3 /* CategoryViewController.swift in Sources */ = {isa = PBXBuildFile; fileRef = FA57EDFC2573BAF100D2F9E3 /* CategoryViewController.swift */; };
		FA57EE002573BAF100D2F9E3 /* Main.storyboard in Resources */ = {isa = PBXBuildFile; fileRef = FA57EDFE2573BAF100D2F9E3 /* Main.storyboard */; };
		FA57EE022573BAF200D2F9E3 /* Assets.xcassets in Resources */ = {isa = PBXBuildFile; fileRef = FA57EE012573BAF200D2F9E3 /* Assets.xcassets */; };
		FA57EE052573BAF200D2F9E3 /* LaunchScreen.storyboard in Resources */ = {isa = PBXBuildFile; fileRef = FA57EE032573BAF200D2F9E3 /* LaunchScreen.storyboard */; };
		FACA9F5D2573C781009602AD /* Category.swift in Sources */ = {isa = PBXBuildFile; fileRef = FACA9F5C2573C781009602AD /* Category.swift */; };
		FACA9F602573C7A7009602AD /* Item.swift in Sources */ = {isa = PBXBuildFile; fileRef = FACA9F5F2573C7A7009602AD /* Item.swift */; };
		FACA9F6825740881009602AD /* SwipeTableViewController.swift in Sources */ = {isa = PBXBuildFile; fileRef = FACA9F6725740881009602AD /* SwipeTableViewController.swift */; };
		FACA9F6B25740996009602AD /* ItemListViewController.swift in Sources */ = {isa = PBXBuildFile; fileRef = FACA9F6A25740996009602AD /* ItemListViewController.swift */; };
		FACA9F9425741692009602AD /* SceneDelegate.swift in Sources */ = {isa = PBXBuildFile; fileRef = FACA9F9325741692009602AD /* SceneDelegate.swift */; };
/* End PBXBuildFile section */

/* Begin PBXFileReference section */
		4A281BA6545E852C03B112F2 /* Pods-Organizer.debug.xcconfig */ = {isa = PBXFileReference; includeInIndex = 1; lastKnownFileType = text.xcconfig; name = "Pods-Organizer.debug.xcconfig"; path = "Target Support Files/Pods-Organizer/Pods-Organizer.debug.xcconfig"; sourceTree = "<group>"; };
		5B1C5A351428A5BC2CE0898F /* Pods-Organizer.release.xcconfig */ = {isa = PBXFileReference; includeInIndex = 1; lastKnownFileType = text.xcconfig; name = "Pods-Organizer.release.xcconfig"; path = "Target Support Files/Pods-Organizer/Pods-Organizer.release.xcconfig"; sourceTree = "<group>"; };
		5F37062D6E1375B794D2C171 /* Pods_Organizer.framework */ = {isa = PBXFileReference; explicitFileType = wrapper.framework; includeInIndex = 0; path = Pods_Organizer.framework; sourceTree = BUILT_PRODUCTS_DIR; };
		FA223F422576DAC6001E4FA8 /* MainViewController.swift */ = {isa = PBXFileReference; lastKnownFileType = sourcecode.swift; path = MainViewController.swift; sourceTree = "<group>"; };
		FA2E6E9F2576DF9800B92007 /* WeatherManager.swift */ = {isa = PBXFileReference; lastKnownFileType = sourcecode.swift; path = WeatherManager.swift; sourceTree = "<group>"; };
		FA2E6EA22576DFC600B92007 /* WeatherData.swift */ = {isa = PBXFileReference; lastKnownFileType = sourcecode.swift; path = WeatherData.swift; sourceTree = "<group>"; };
		FA2E6EA52576DFDF00B92007 /* WeatherModel.swift */ = {isa = PBXFileReference; lastKnownFileType = sourcecode.swift; path = WeatherModel.swift; sourceTree = "<group>"; };
		FA2E6EAD2576E0CD00B92007 /* WeatherViewController.swift */ = {isa = PBXFileReference; lastKnownFileType = sourcecode.swift; path = WeatherViewController.swift; sourceTree = "<group>"; };
		FA57EDF52573BAF100D2F9E3 /* Organizer.app */ = {isa = PBXFileReference; explicitFileType = wrapper.application; includeInIndex = 0; path = Organizer.app; sourceTree = BUILT_PRODUCTS_DIR; };
		FA57EDF82573BAF100D2F9E3 /* AppDelegate.swift */ = {isa = PBXFileReference; lastKnownFileType = sourcecode.swift; path = AppDelegate.swift; sourceTree = "<group>"; };
		FA57EDFC2573BAF100D2F9E3 /* CategoryViewController.swift */ = {isa = PBXFileReference; lastKnownFileType = sourcecode.swift; path = CategoryViewController.swift; sourceTree = "<group>"; };
		FA57EDFF2573BAF100D2F9E3 /* Base */ = {isa = PBXFileReference; lastKnownFileType = file.storyboard; name = Base; path = Base.lproj/Main.storyboard; sourceTree = "<group>"; };
		FA57EE012573BAF200D2F9E3 /* Assets.xcassets */ = {isa = PBXFileReference; lastKnownFileType = folder.assetcatalog; path = Assets.xcassets; sourceTree = "<group>"; };
		FA57EE042573BAF200D2F9E3 /* Base */ = {isa = PBXFileReference; lastKnownFileType = file.storyboard; name = Base; path = Base.lproj/LaunchScreen.storyboard; sourceTree = "<group>"; };
		FA57EE062573BAF200D2F9E3 /* Info.plist */ = {isa = PBXFileReference; lastKnownFileType = text.plist.xml; path = Info.plist; sourceTree = "<group>"; };
		FACA9F5C2573C781009602AD /* Category.swift */ = {isa = PBXFileReference; lastKnownFileType = sourcecode.swift; path = Category.swift; sourceTree = "<group>"; };
		FACA9F5F2573C7A7009602AD /* Item.swift */ = {isa = PBXFileReference; lastKnownFileType = sourcecode.swift; path = Item.swift; sourceTree = "<group>"; };
		FACA9F6725740881009602AD /* SwipeTableViewController.swift */ = {isa = PBXFileReference; lastKnownFileType = sourcecode.swift; path = SwipeTableViewController.swift; sourceTree = "<group>"; };
		FACA9F6A25740996009602AD /* ItemListViewController.swift */ = {isa = PBXFileReference; lastKnownFileType = sourcecode.swift; path = ItemListViewController.swift; sourceTree = "<group>"; };
		FACA9F9325741692009602AD /* SceneDelegate.swift */ = {isa = PBXFileReference; lastKnownFileType = sourcecode.swift; path = SceneDelegate.swift; sourceTree = "<group>"; };
/* End PBXFileReference section */

/* Begin PBXFrameworksBuildPhase section */
		FA57EDF22573BAF100D2F9E3 /* Frameworks */ = {
			isa = PBXFrameworksBuildPhase;
			buildActionMask = 2147483647;
			files = (
				A30C87B00DA5646441B36F2A /* Pods_Organizer.framework in Frameworks */,
			);
			runOnlyForDeploymentPostprocessing = 0;
		};
/* End PBXFrameworksBuildPhase section */

/* Begin PBXGroup section */
		06E4FB3DA9D52ABCD7AAED8A /* Frameworks */ = {
			isa = PBXGroup;
			children = (
				5F37062D6E1375B794D2C171 /* Pods_Organizer.framework */,
			);
			name = Frameworks;
			sourceTree = "<group>";
		};
		7AF0D2D1C9E4EB5AC903A80E /* Pods */ = {
			isa = PBXGroup;
			children = (
				4A281BA6545E852C03B112F2 /* Pods-Organizer.debug.xcconfig */,
				5B1C5A351428A5BC2CE0898F /* Pods-Organizer.release.xcconfig */,
			);
			path = Pods;
			sourceTree = "<group>";
		};
		FA57EDEC2573BAF100D2F9E3 = {
			isa = PBXGroup;
			children = (
				FA57EDF72573BAF100D2F9E3 /* Organizer */,
				FA57EDF62573BAF100D2F9E3 /* Products */,
				7AF0D2D1C9E4EB5AC903A80E /* Pods */,
				06E4FB3DA9D52ABCD7AAED8A /* Frameworks */,
			);
			sourceTree = "<group>";
		};
		FA57EDF62573BAF100D2F9E3 /* Products */ = {
			isa = PBXGroup;
			children = (
				FA57EDF52573BAF100D2F9E3 /* Organizer.app */,
			);
			name = Products;
			sourceTree = "<group>";
		};
		FA57EDF72573BAF100D2F9E3 /* Organizer */ = {
			isa = PBXGroup;
			children = (
				FA57EDF82573BAF100D2F9E3 /* AppDelegate.swift */,
				FACA9F9325741692009602AD /* SceneDelegate.swift */,
				FA57EE1F2573C1AC00D2F9E3 /* Model */,
				FA57EE1C2573C16F00D2F9E3 /* Controllers */,
				FA57EE1E2573C18800D2F9E3 /* View */,
				FA57EE012573BAF200D2F9E3 /* Assets.xcassets */,
				FA57EE062573BAF200D2F9E3 /* Info.plist */,
			);
			path = Organizer;
			sourceTree = "<group>";
		};
		FA57EE1C2573C16F00D2F9E3 /* Controllers */ = {
			isa = PBXGroup;
			children = (
				FA223F422576DAC6001E4FA8 /* MainViewController.swift */,
				FACA9F6725740881009602AD /* SwipeTableViewController.swift */,
				FA57EDFC2573BAF100D2F9E3 /* CategoryViewController.swift */,
				FACA9F6A25740996009602AD /* ItemListViewController.swift */,
				FA2E6EAD2576E0CD00B92007 /* WeatherViewController.swift */,
			);
			path = Controllers;
			sourceTree = "<group>";
		};
		FA57EE1E2573C18800D2F9E3 /* View */ = {
			isa = PBXGroup;
			children = (
				FA57EE032573BAF200D2F9E3 /* LaunchScreen.storyboard */,
				FA57EDFE2573BAF100D2F9E3 /* Main.storyboard */,
			);
			path = View;
			sourceTree = "<group>";
		};
		FA57EE1F2573C1AC00D2F9E3 /* Model */ = {
			isa = PBXGroup;
			children = (
				FACA9F5C2573C781009602AD /* Category.swift */,
				FACA9F5F2573C7A7009602AD /* Item.swift */,
				FA2E6E9F2576DF9800B92007 /* WeatherManager.swift */,
				FA2E6EA22576DFC600B92007 /* WeatherData.swift */,
				FA2E6EA52576DFDF00B92007 /* WeatherModel.swift */,
			);
			path = Model;
			sourceTree = "<group>";
		};
/* End PBXGroup section */

/* Begin PBXNativeTarget section */
		FA57EDF42573BAF100D2F9E3 /* Organizer */ = {
			isa = PBXNativeTarget;
			buildConfigurationList = FA57EE092573BAF200D2F9E3 /* Build configuration list for PBXNativeTarget "Organizer" */;
			buildPhases = (
				95B361807F62EF6B8D7EB885 /* [CP] Check Pods Manifest.lock */,
				FA57EDF12573BAF100D2F9E3 /* Sources */,
				FA57EDF22573BAF100D2F9E3 /* Frameworks */,
				FA57EDF32573BAF100D2F9E3 /* Resources */,
				FB51752B93B343D33218672B /* [CP] Embed Pods Frameworks */,
			);
			buildRules = (
			);
			dependencies = (
			);
			name = Organizer;
			productName = Organizer;
			productReference = FA57EDF52573BAF100D2F9E3 /* Organizer.app */;
			productType = "com.apple.product-type.application";
		};
/* End PBXNativeTarget section */

/* Begin PBXProject section */
		FA57EDED2573BAF100D2F9E3 /* Project object */ = {
			isa = PBXProject;
			attributes = {
				LastSwiftUpdateCheck = 1220;
				LastUpgradeCheck = 1220;
				TargetAttributes = {
					FA57EDF42573BAF100D2F9E3 = {
						CreatedOnToolsVersion = 12.2;
					};
				};
			};
			buildConfigurationList = FA57EDF02573BAF100D2F9E3 /* Build configuration list for PBXProject "Organizer" */;
			compatibilityVersion = "Xcode 9.3";
			developmentRegion = en;
			hasScannedForEncodings = 0;
			knownRegions = (
				en,
				Base,
			);
			mainGroup = FA57EDEC2573BAF100D2F9E3;
			productRefGroup = FA57EDF62573BAF100D2F9E3 /* Products */;
			projectDirPath = "";
			projectRoot = "";
			targets = (
				FA57EDF42573BAF100D2F9E3 /* Organizer */,
			);
		};
/* End PBXProject section */

/* Begin PBXResourcesBuildPhase section */
		FA57EDF32573BAF100D2F9E3 /* Resources */ = {
			isa = PBXResourcesBuildPhase;
			buildActionMask = 2147483647;
			files = (
				FA57EE052573BAF200D2F9E3 /* LaunchScreen.storyboard in Resources */,
				FA57EE022573BAF200D2F9E3 /* Assets.xcassets in Resources */,
				FA57EE002573BAF100D2F9E3 /* Main.storyboard in Resources */,
			);
			runOnlyForDeploymentPostprocessing = 0;
		};
/* End PBXResourcesBuildPhase section */

/* Begin PBXShellScriptBuildPhase section */
		95B361807F62EF6B8D7EB885 /* [CP] Check Pods Manifest.lock */ = {
			isa = PBXShellScriptBuildPhase;
			buildActionMask = 2147483647;
			files = (
			);
			inputFileListPaths = (
			);
			inputPaths = (
				"${PODS_PODFILE_DIR_PATH}/Podfile.lock",
				"${PODS_ROOT}/Manifest.lock",
			);
			name = "[CP] Check Pods Manifest.lock";
			outputFileListPaths = (
			);
			outputPaths = (
				"$(DERIVED_FILE_DIR)/Pods-Organizer-checkManifestLockResult.txt",
			);
			runOnlyForDeploymentPostprocessing = 0;
			shellPath = /bin/sh;
			shellScript = "diff \"${PODS_PODFILE_DIR_PATH}/Podfile.lock\" \"${PODS_ROOT}/Manifest.lock\" > /dev/null\nif [ $? != 0 ] ; then\n    # print error to STDERR\n    echo \"error: The sandbox is not in sync with the Podfile.lock. Run 'pod install' or update your CocoaPods installation.\" >&2\n    exit 1\nfi\n# This output is used by Xcode 'outputs' to avoid re-running this script phase.\necho \"SUCCESS\" > \"${SCRIPT_OUTPUT_FILE_0}\"\n";
			showEnvVarsInLog = 0;
		};
		FB51752B93B343D33218672B /* [CP] Embed Pods Frameworks */ = {
			isa = PBXShellScriptBuildPhase;
			buildActionMask = 2147483647;
			files = (
			);
			inputFileListPaths = (
				"${PODS_ROOT}/Target Support Files/Pods-Organizer/Pods-Organizer-frameworks-${CONFIGURATION}-input-files.xcfilelist",
			);
			name = "[CP] Embed Pods Frameworks";
			outputFileListPaths = (
				"${PODS_ROOT}/Target Support Files/Pods-Organizer/Pods-Organizer-frameworks-${CONFIGURATION}-output-files.xcfilelist",
			);
			runOnlyForDeploymentPostprocessing = 0;
			shellPath = /bin/sh;
			shellScript = "\"${PODS_ROOT}/Target Support Files/Pods-Organizer/Pods-Organizer-frameworks.sh\"\n";
			showEnvVarsInLog = 0;
		};
/* End PBXShellScriptBuildPhase section */

/* Begin PBXSourcesBuildPhase section */
		FA57EDF12573BAF100D2F9E3 /* Sources */ = {
			isa = PBXSourcesBuildPhase;
			buildActionMask = 2147483647;
			files = (
				FACA9F602573C7A7009602AD /* Item.swift in Sources */,
				FA2E6EAE2576E0CD00B92007 /* WeatherViewController.swift in Sources */,
				FACA9F9425741692009602AD /* SceneDelegate.swift in Sources */,
				FACA9F6B25740996009602AD /* ItemListViewController.swift in Sources */,
				FA57EDFD2573BAF100D2F9E3 /* CategoryViewController.swift in Sources */,
				FA57EDF92573BAF100D2F9E3 /* AppDelegate.swift in Sources */,
				FACA9F5D2573C781009602AD /* Category.swift in Sources */,
				FA2E6EA32576DFC600B92007 /* WeatherData.swift in Sources */,
				FA2E6EA02576DF9800B92007 /* WeatherManager.swift in Sources */,
				FACA9F6825740881009602AD /* SwipeTableViewController.swift in Sources */,
				FA223F432576DAC6001E4FA8 /* MainViewController.swift in Sources */,
				FA2E6EA62576DFDF00B92007 /* WeatherModel.swift in Sources */,
			);
			runOnlyForDeploymentPostprocessing = 0;
		};
/* End PBXSourcesBuildPhase section */

/* Begin PBXVariantGroup section */
		FA57EDFE2573BAF100D2F9E3 /* Main.storyboard */ = {
			isa = PBXVariantGroup;
			children = (
				FA57EDFF2573BAF100D2F9E3 /* Base */,
			);
			name = Main.storyboard;
			sourceTree = "<group>";
		};
		FA57EE032573BAF200D2F9E3 /* LaunchScreen.storyboard */ = {
			isa = PBXVariantGroup;
			children = (
				FA57EE042573BAF200D2F9E3 /* Base */,
			);
			name = LaunchScreen.storyboard;
			sourceTree = "<group>";
		};
/* End PBXVariantGroup section */

/* Begin XCBuildConfiguration section */
		FA57EE072573BAF200D2F9E3 /* Debug */ = {
			isa = XCBuildConfiguration;
			buildSettings = {
				ALWAYS_SEARCH_USER_PATHS = NO;
				CLANG_ANALYZER_NONNULL = YES;
				CLANG_ANALYZER_NUMBER_OBJECT_CONVERSION = YES_AGGRESSIVE;
				CLANG_CXX_LANGUAGE_STANDARD = "gnu++14";
				CLANG_CXX_LIBRARY = "libc++";
				CLANG_ENABLE_MODULES = YES;
				CLANG_ENABLE_OBJC_ARC = YES;
				CLANG_ENABLE_OBJC_WEAK = YES;
				CLANG_WARN_BLOCK_CAPTURE_AUTORELEASING = YES;
				CLANG_WARN_BOOL_CONVERSION = YES;
				CLANG_WARN_COMMA = YES;
				CLANG_WARN_CONSTANT_CONVERSION = YES;
				CLANG_WARN_DEPRECATED_OBJC_IMPLEMENTATIONS = YES;
				CLANG_WARN_DIRECT_OBJC_ISA_USAGE = YES_ERROR;
				CLANG_WARN_DOCUMENTATION_COMMENTS = YES;
				CLANG_WARN_EMPTY_BODY = YES;
				CLANG_WARN_ENUM_CONVERSION = YES;
				CLANG_WARN_INFINITE_RECURSION = YES;
				CLANG_WARN_INT_CONVERSION = YES;
				CLANG_WARN_NON_LITERAL_NULL_CONVERSION = YES;
				CLANG_WARN_OBJC_IMPLICIT_RETAIN_SELF = YES;
				CLANG_WARN_OBJC_LITERAL_CONVERSION = YES;
				CLANG_WARN_OBJC_ROOT_CLASS = YES_ERROR;
				CLANG_WARN_QUOTED_INCLUDE_IN_FRAMEWORK_HEADER = YES;
				CLANG_WARN_RANGE_LOOP_ANALYSIS = YES;
				CLANG_WARN_STRICT_PROTOTYPES = YES;
				CLANG_WARN_SUSPICIOUS_MOVE = YES;
				CLANG_WARN_UNGUARDED_AVAILABILITY = YES_AGGRESSIVE;
				CLANG_WARN_UNREACHABLE_CODE = YES;
				CLANG_WARN__DUPLICATE_METHOD_MATCH = YES;
				COPY_PHASE_STRIP = NO;
				DEBUG_INFORMATION_FORMAT = dwarf;
				ENABLE_STRICT_OBJC_MSGSEND = YES;
				ENABLE_TESTABILITY = YES;
				GCC_C_LANGUAGE_STANDARD = gnu11;
				GCC_DYNAMIC_NO_PIC = NO;
				GCC_NO_COMMON_BLOCKS = YES;
				GCC_OPTIMIZATION_LEVEL = 0;
				GCC_PREPROCESSOR_DEFINITIONS = (
					"DEBUG=1",
					"$(inherited)",
				);
				GCC_WARN_64_TO_32_BIT_CONVERSION = YES;
				GCC_WARN_ABOUT_RETURN_TYPE = YES_ERROR;
				GCC_WARN_UNDECLARED_SELECTOR = YES;
				GCC_WARN_UNINITIALIZED_AUTOS = YES_AGGRESSIVE;
				GCC_WARN_UNUSED_FUNCTION = YES;
				GCC_WARN_UNUSED_VARIABLE = YES;
				IPHONEOS_DEPLOYMENT_TARGET = 13.0;
				MTL_ENABLE_DEBUG_INFO = INCLUDE_SOURCE;
				MTL_FAST_MATH = YES;
				ONLY_ACTIVE_ARCH = YES;
				SDKROOT = iphoneos;
				SWIFT_ACTIVE_COMPILATION_CONDITIONS = DEBUG;
				SWIFT_OPTIMIZATION_LEVEL = "-Onone";
			};
			name = Debug;
		};
		FA57EE082573BAF200D2F9E3 /* Release */ = {
			isa = XCBuildConfiguration;
			buildSettings = {
				ALWAYS_SEARCH_USER_PATHS = NO;
				CLANG_ANALYZER_NONNULL = YES;
				CLANG_ANALYZER_NUMBER_OBJECT_CONVERSION = YES_AGGRESSIVE;
				CLANG_CXX_LANGUAGE_STANDARD = "gnu++14";
				CLANG_CXX_LIBRARY = "libc++";
				CLANG_ENABLE_MODULES = YES;
				CLANG_ENABLE_OBJC_ARC = YES;
				CLANG_ENABLE_OBJC_WEAK = YES;
				CLANG_WARN_BLOCK_CAPTURE_AUTORELEASING = YES;
				CLANG_WARN_BOOL_CONVERSION = YES;
				CLANG_WARN_COMMA = YES;
				CLANG_WARN_CONSTANT_CONVERSION = YES;
				CLANG_WARN_DEPRECATED_OBJC_IMPLEMENTATIONS = YES;
				CLANG_WARN_DIRECT_OBJC_ISA_USAGE = YES_ERROR;
				CLANG_WARN_DOCUMENTATION_COMMENTS = YES;
				CLANG_WARN_EMPTY_BODY = YES;
				CLANG_WARN_ENUM_CONVERSION = YES;
				CLANG_WARN_INFINITE_RECURSION = YES;
				CLANG_WARN_INT_CONVERSION = YES;
				CLANG_WARN_NON_LITERAL_NULL_CONVERSION = YES;
				CLANG_WARN_OBJC_IMPLICIT_RETAIN_SELF = YES;
				CLANG_WARN_OBJC_LITERAL_CONVERSION = YES;
				CLANG_WARN_OBJC_ROOT_CLASS = YES_ERROR;
				CLANG_WARN_QUOTED_INCLUDE_IN_FRAMEWORK_HEADER = YES;
				CLANG_WARN_RANGE_LOOP_ANALYSIS = YES;
				CLANG_WARN_STRICT_PROTOTYPES = YES;
				CLANG_WARN_SUSPICIOUS_MOVE = YES;
				CLANG_WARN_UNGUARDED_AVAILABILITY = YES_AGGRESSIVE;
				CLANG_WARN_UNREACHABLE_CODE = YES;
				CLANG_WARN__DUPLICATE_METHOD_MATCH = YES;
				COPY_PHASE_STRIP = NO;
				DEBUG_INFORMATION_FORMAT = "dwarf-with-dsym";
				ENABLE_NS_ASSERTIONS = NO;
				ENABLE_STRICT_OBJC_MSGSEND = YES;
				GCC_C_LANGUAGE_STANDARD = gnu11;
				GCC_NO_COMMON_BLOCKS = YES;
				GCC_WARN_64_TO_32_BIT_CONVERSION = YES;
				GCC_WARN_ABOUT_RETURN_TYPE = YES_ERROR;
				GCC_WARN_UNDECLARED_SELECTOR = YES;
				GCC_WARN_UNINITIALIZED_AUTOS = YES_AGGRESSIVE;
				GCC_WARN_UNUSED_FUNCTION = YES;
				GCC_WARN_UNUSED_VARIABLE = YES;
				IPHONEOS_DEPLOYMENT_TARGET = 13.0;
				MTL_ENABLE_DEBUG_INFO = NO;
				MTL_FAST_MATH = YES;
				SDKROOT = iphoneos;
				SWIFT_COMPILATION_MODE = wholemodule;
				SWIFT_OPTIMIZATION_LEVEL = "-O";
				VALIDATE_PRODUCT = YES;
			};
			name = Release;
		};
		FA57EE0A2573BAF200D2F9E3 /* Debug */ = {
			isa = XCBuildConfiguration;
			baseConfigurationReference = 4A281BA6545E852C03B112F2 /* Pods-Organizer.debug.xcconfig */;
			buildSettings = {
				ASSETCATALOG_COMPILER_APPICON_NAME = AppIcon;
				CODE_SIGN_STYLE = Automatic;
				DEVELOPMENT_TEAM = PFW47A2H9H;
				INFOPLIST_FILE = Organizer/Info.plist;
				LD_RUNPATH_SEARCH_PATHS = (
					"$(inherited)",
					"@executable_path/Frameworks",
				);
				PRODUCT_BUNDLE_IDENTIFIER = vetaloff.Organizer;
				PRODUCT_NAME = "$(TARGET_NAME)";
				SWIFT_VERSION = 5.0;
				TARGETED_DEVICE_FAMILY = "1,2";
			};
			name = Debug;
		};
		FA57EE0B2573BAF200D2F9E3 /* Release */ = {
			isa = XCBuildConfiguration;
			baseConfigurationReference = 5B1C5A351428A5BC2CE0898F /* Pods-Organizer.release.xcconfig */;
			buildSettings = {
				ASSETCATALOG_COMPILER_APPICON_NAME = AppIcon;
				CODE_SIGN_STYLE = Automatic;
				DEVELOPMENT_TEAM = PFW47A2H9H;
				INFOPLIST_FILE = Organizer/Info.plist;
				LD_RUNPATH_SEARCH_PATHS = (
					"$(inherited)",
					"@executable_path/Frameworks",
				);
				PRODUCT_BUNDLE_IDENTIFIER = vetaloff.Organizer;
				PRODUCT_NAME = "$(TARGET_NAME)";
				SWIFT_VERSION = 5.0;
				TARGETED_DEVICE_FAMILY = "1,2";
			};
			name = Release;
		};
/* End XCBuildConfiguration section */

/* Begin XCConfigurationList section */
		FA57EDF02573BAF100D2F9E3 /* Build configuration list for PBXProject "Organizer" */ = {
			isa = XCConfigurationList;
			buildConfigurations = (
				FA57EE072573BAF200D2F9E3 /* Debug */,
				FA57EE082573BAF200D2F9E3 /* Release */,
			);
			defaultConfigurationIsVisible = 0;
			defaultConfigurationName = Release;
		};
		FA57EE092573BAF200D2F9E3 /* Build configuration list for PBXNativeTarget "Organizer" */ = {
			isa = XCConfigurationList;
			buildConfigurations = (
				FA57EE0A2573BAF200D2F9E3 /* Debug */,
				FA57EE0B2573BAF200D2F9E3 /* Release */,
			);
			defaultConfigurationIsVisible = 0;
			defaultConfigurationName = Release;
		};
/* End XCConfigurationList section */
	};
	rootObject = FA57EDED2573BAF100D2F9E3 /* Project object */;
}
